// !$*UTF8*$!
{
	archiveVersion = 1;
	classes = {
	};
	objectVersion = 46;
	objects = {

/* Begin PBXBuildFile section */
		8F89B71B1DABD33000025441 /* AppDelegate.swift in Sources */ = {isa = PBXBuildFile; fileRef = 8F89B71A1DABD33000025441 /* AppDelegate.swift */; };
		8F89B71D1DABD33000025441 /* MasterViewController.swift in Sources */ = {isa = PBXBuildFile; fileRef = 8F89B71C1DABD33000025441 /* MasterViewController.swift */; };
		8F89B71F1DABD33000025441 /* DetailViewController.swift in Sources */ = {isa = PBXBuildFile; fileRef = 8F89B71E1DABD33000025441 /* DetailViewController.swift */; };
		8F89B7221DABD33000025441 /* Main.storyboard in Resources */ = {isa = PBXBuildFile; fileRef = 8F89B7201DABD33000025441 /* Main.storyboard */; };
		8F89B7241DABD33000025441 /* Assets.xcassets in Resources */ = {isa = PBXBuildFile; fileRef = 8F89B7231DABD33000025441 /* Assets.xcassets */; };
		8F89B7271DABD33000025441 /* LaunchScreen.storyboard in Resources */ = {isa = PBXBuildFile; fileRef = 8F89B7251DABD33000025441 /* LaunchScreen.storyboard */; };
		8F89B72F1DABD3B400025441 /* SwipeCell.swift in Sources */ = {isa = PBXBuildFile; fileRef = 8F89B72E1DABD3B400025441 /* SwipeCell.swift */; };
		8FB926011DBD11D500D63213 /* Utilites.swift in Sources */ = {isa = PBXBuildFile; fileRef = 8FB926001DBD11D500D63213 /* Utilites.swift */; };
/* End PBXBuildFile section */

/* Begin PBXFileReference section */
		8F89B7171DABD33000025441 /* SwipeTest.app */ = {isa = PBXFileReference; explicitFileType = wrapper.application; includeInIndex = 0; path = SwipeTest.app; sourceTree = BUILT_PRODUCTS_DIR; };
		8F89B71A1DABD33000025441 /* AppDelegate.swift */ = {isa = PBXFileReference; lastKnownFileType = sourcecode.swift; path = AppDelegate.swift; sourceTree = "<group>"; };
		8F89B71C1DABD33000025441 /* MasterViewController.swift */ = {isa = PBXFileReference; lastKnownFileType = sourcecode.swift; path = MasterViewController.swift; sourceTree = "<group>"; };
		8F89B71E1DABD33000025441 /* DetailViewController.swift */ = {isa = PBXFileReference; lastKnownFileType = sourcecode.swift; path = DetailViewController.swift; sourceTree = "<group>"; };
		8F89B7211DABD33000025441 /* Base */ = {isa = PBXFileReference; lastKnownFileType = file.storyboard; name = Base; path = Base.lproj/Main.storyboard; sourceTree = "<group>"; };
		8F89B7231DABD33000025441 /* Assets.xcassets */ = {isa = PBXFileReference; lastKnownFileType = folder.assetcatalog; path = Assets.xcassets; sourceTree = "<group>"; };
		8F89B7261DABD33000025441 /* Base */ = {isa = PBXFileReference; lastKnownFileType = file.storyboard; name = Base; path = Base.lproj/LaunchScreen.storyboard; sourceTree = "<group>"; };
		8F89B7281DABD33000025441 /* Info.plist */ = {isa = PBXFileReference; lastKnownFileType = text.plist.xml; path = Info.plist; sourceTree = "<group>"; };
		8F89B72E1DABD3B400025441 /* SwipeCell.swift */ = {isa = PBXFileReference; fileEncoding = 4; lastKnownFileType = sourcecode.swift; path = SwipeCell.swift; sourceTree = "<group>"; };
		8FB926001DBD11D500D63213 /* Utilites.swift */ = {isa = PBXFileReference; fileEncoding = 4; lastKnownFileType = sourcecode.swift; path = Utilites.swift; sourceTree = "<group>"; };
/* End PBXFileReference section */

/* Begin PBXFrameworksBuildPhase section */
		8F89B7141DABD33000025441 /* Frameworks */ = {
			isa = PBXFrameworksBuildPhase;
			buildActionMask = 2147483647;
			files = (
			);
			runOnlyForDeploymentPostprocessing = 0;
		};
/* End PBXFrameworksBuildPhase section */

/* Begin PBXGroup section */
		8F89B70E1DABD33000025441 = {
			isa = PBXGroup;
			children = (
				8F89B7191DABD33000025441 /* SwipeTest */,
				8F89B7181DABD33000025441 /* Products */,
			);
			sourceTree = "<group>";
		};
		8F89B7181DABD33000025441 /* Products */ = {
			isa = PBXGroup;
			children = (
				8F89B7171DABD33000025441 /* SwipeTest.app */,
			);
			name = Products;
			sourceTree = "<group>";
		};
		8F89B7191DABD33000025441 /* SwipeTest */ = {
			isa = PBXGroup;
			children = (
				8F89B71A1DABD33000025441 /* AppDelegate.swift */,
				8F89B71C1DABD33000025441 /* MasterViewController.swift */,
				8F89B71E1DABD33000025441 /* DetailViewController.swift */,
				8F89B72E1DABD3B400025441 /* SwipeCell.swift */,
				8FB926001DBD11D500D63213 /* Utilites.swift */,
				8F89B7201DABD33000025441 /* Main.storyboard */,
				8F89B7231DABD33000025441 /* Assets.xcassets */,
				8F89B7251DABD33000025441 /* LaunchScreen.storyboard */,
				8F89B7281DABD33000025441 /* Info.plist */,
			);
			path = SwipeTest;
			sourceTree = "<group>";
		};
/* End PBXGroup section */

/* Begin PBXNativeTarget section */
		8F89B7161DABD33000025441 /* SwipeTest */ = {
			isa = PBXNativeTarget;
			buildConfigurationList = 8F89B72B1DABD33000025441 /* Build configuration list for PBXNativeTarget "SwipeTest" */;
			buildPhases = (
				8F89B7131DABD33000025441 /* Sources */,
				8F89B7141DABD33000025441 /* Frameworks */,
				8F89B7151DABD33000025441 /* Resources */,
			);
			buildRules = (
			);
			dependencies = (
			);
			name = SwipeTest;
			productName = SwipeTest;
			productReference = 8F89B7171DABD33000025441 /* SwipeTest.app */;
			productType = "com.apple.product-type.application";
		};
/* End PBXNativeTarget section */

/* Begin PBXProject section */
		8F89B70F1DABD33000025441 /* Project object */ = {
			isa = PBXProject;
			attributes = {
				LastSwiftUpdateCheck = 0810;
				LastUpgradeCheck = 0810;
				ORGANIZATIONNAME = ROKO;
				TargetAttributes = {
					8F89B7161DABD33000025441 = {
						CreatedOnToolsVersion = 8.1;
						DevelopmentTeam = 8UDWX3Z26Y;
						ProvisioningStyle = Automatic;
					};
				};
			};
			buildConfigurationList = 8F89B7121DABD33000025441 /* Build configuration list for PBXProject "SwipeTest" */;
			compatibilityVersion = "Xcode 3.2";
			developmentRegion = English;
			hasScannedForEncodings = 0;
			knownRegions = (
				en,
				Base,
			);
			mainGroup = 8F89B70E1DABD33000025441;
			productRefGroup = 8F89B7181DABD33000025441 /* Products */;
			projectDirPath = "";
			projectRoot = "";
			targets = (
				8F89B7161DABD33000025441 /* SwipeTest */,
			);
		};
/* End PBXProject section */

/* Begin PBXResourcesBuildPhase section */
		8F89B7151DABD33000025441 /* Resources */ = {
			isa = PBXResourcesBuildPhase;
			buildActionMask = 2147483647;
			files = (
				8F89B7271DABD33000025441 /* LaunchScreen.storyboard in Resources */,
				8F89B7241DABD33000025441 /* Assets.xcassets in Resources */,
				8F89B7221DABD33000025441 /* Main.storyboard in Resources */,
			);
			runOnlyForDeploymentPostprocessing = 0;
		};
/* End PBXResourcesBuildPhase section */

/* Begin PBXSourcesBuildPhase section */
		8F89B7131DABD33000025441 /* Sources */ = {
			isa = PBXSourcesBuildPhase;
			buildActionMask = 2147483647;
			files = (
				8FB926011DBD11D500D63213 /* Utilites.swift in Sources */,
				8F89B71F1DABD33000025441 /* DetailViewController.swift in Sources */,
				8F89B71D1DABD33000025441 /* MasterViewController.swift in Sources */,
				8F89B72F1DABD3B400025441 /* SwipeCell.swift in Sources */,
				8F89B71B1DABD33000025441 /* AppDelegate.swift in Sources */,
			);
			runOnlyForDeploymentPostprocessing = 0;
		};
/* End PBXSourcesBuildPhase section */

/* Begin PBXVariantGroup section */
		8F89B7201DABD33000025441 /* Main.storyboard */ = {
			isa = PBXVariantGroup;
			children = (
				8F89B7211DABD33000025441 /* Base */,
			);
			name = Main.storyboard;
			sourceTree = "<group>";
		};
		8F89B7251DABD33000025441 /* LaunchScreen.storyboard */ = {
			isa = PBXVariantGroup;
			children = (
				8F89B7261DABD33000025441 /* Base */,
			);
			name = LaunchScreen.storyboard;
			sourceTree = "<group>";
		};
/* End PBXVariantGroup section */

/* Begin XCBuildConfiguration section */
		8F89B7291DABD33000025441 /* Debug */ = {
			isa = XCBuildConfiguration;
			buildSettings = {
				ALWAYS_SEARCH_USER_PATHS = NO;
				CLANG_ANALYZER_NONNULL = YES;
				CLANG_CXX_LANGUAGE_STANDARD = "gnu++0x";
				CLANG_CXX_LIBRARY = "libc++";
				CLANG_ENABLE_MODULES = YES;
				CLANG_ENABLE_OBJC_ARC = YES;
				CLANG_WARN_BOOL_CONVERSION = YES;
				CLANG_WARN_CONSTANT_CONVERSION = YES;
				CLANG_WARN_DIRECT_OBJC_ISA_USAGE = YES_ERROR;
				CLANG_WARN_DOCUMENTATION_COMMENTS = YES;
				CLANG_WARN_EMPTY_BODY = YES;
				CLANG_WARN_ENUM_CONVERSION = YES;
				CLANG_WARN_INFINITE_RECURSION = YES;
				CLANG_WARN_INT_CONVERSION = YES;
				CLANG_WARN_OBJC_ROOT_CLASS = YES_ERROR;
				CLANG_WARN_SUSPICIOUS_MOVES = YES;
				CLANG_WARN_UNREACHABLE_CODE = YES;
				CLANG_WARN__DUPLICATE_METHOD_MATCH = YES;
				"CODE_SIGN_IDENTITY[sdk=iphoneos*]" = "iPhone Developer";
				COPY_PHASE_STRIP = NO;
				DEBUG_INFORMATION_FORMAT = dwarf;
				ENABLE_STRICT_OBJC_MSGSEND = YES;
				ENABLE_TESTABILITY = YES;
				GCC_C_LANGUAGE_STANDARD = gnu99;
				GCC_DYNAMIC_NO_PIC = NO;
				GCC_NO_COMMON_BLOCKS = YES;
				GCC_OPTIMIZATION_LEVEL = 0;
				GCC_PREPROCESSOR_DEFINITIONS = (
					"DEBUG=1",
					"$(inherited)",
				);
				GCC_WARN_64_TO_32_BIT_CONVERSION = YES;
				GCC_WARN_ABOUT_RETURN_TYPE = YES_ERROR;
				GCC_WARN_UNDECLARED_SELECTOR = YES;
				GCC_WARN_UNINITIALIZED_AUTOS = YES_AGGRESSIVE;
				GCC_WARN_UNUSED_FUNCTION = YES;
				GCC_WARN_UNUSED_VARIABLE = YES;
				IPHONEOS_DEPLOYMENT_TARGET = 10.1;
				MTL_ENABLE_DEBUG_INFO = YES;
				ONLY_ACTIVE_ARCH = YES;
				SDKROOT = iphoneos;
				SWIFT_ACTIVE_COMPILATION_CONDITIONS = DEBUG;
				SWIFT_OPTIMIZATION_LEVEL = "-Onone";
			};
			name = Debug;
		};
		8F89B72A1DABD33000025441 /* Release */ = {
			isa = XCBuildConfiguration;
			buildSettings = {
				ALWAYS_SEARCH_USER_PATHS = NO;
				CLANG_ANALYZER_NONNULL = YES;
				CLANG_CXX_LANGUAGE_STANDARD = "gnu++0x";
				CLANG_CXX_LIBRARY = "libc++";
				CLANG_ENABLE_MODULES = YES;
				CLANG_ENABLE_OBJC_ARC = YES;
				CLANG_WARN_BOOL_CONVERSION = YES;
				CLANG_WARN_CONSTANT_CONVERSION = YES;
				CLANG_WARN_DIRECT_OBJC_ISA_USAGE = YES_ERROR;
				CLANG_WARN_DOCUMENTATION_COMMENTS = YES;
				CLANG_WARN_EMPTY_BODY = YES;
				CLANG_WARN_ENUM_CONVERSION = YES;
				CLANG_WARN_INFINITE_RECURSION = YES;
				CLANG_WARN_INT_CONVERSION = YES;
				CLANG_WARN_OBJC_ROOT_CLASS = YES_ERROR;
				CLANG_WARN_SUSPICIOUS_MOVES = YES;
				CLANG_WARN_UNREACHABLE_CODE = YES;
				CLANG_WARN__DUPLICATE_METHOD_MATCH = YES;
				"CODE_SIGN_IDENTITY[sdk=iphoneos*]" = "iPhone Developer";
				COPY_PHASE_STRIP = NO;
				DEBUG_INFORMATION_FORMAT = "dwarf-with-dsym";
				ENABLE_NS_ASSERTIONS = NO;
				ENABLE_STRICT_OBJC_MSGSEND = YES;
				GCC_C_LANGUAGE_STANDARD = gnu99;
				GCC_NO_COMMON_BLOCKS = YES;
				GCC_WARN_64_TO_32_BIT_CONVERSION = YES;
				GCC_WARN_ABOUT_RETURN_TYPE = YES_ERROR;
				GCC_WARN_UNDECLARED_SELECTOR = YES;
				GCC_WARN_UNINITIALIZED_AUTOS = YES_AGGRESSIVE;
				GCC_WARN_UNUSED_FUNCTION = YES;
				GCC_WARN_UNUSED_VARIABLE = YES;
				IPHONEOS_DEPLOYMENT_TARGET = 10.1;
				MTL_ENABLE_DEBUG_INFO = NO;
				SDKROOT = iphoneos;
				SWIFT_OPTIMIZATION_LEVEL = "-Owholemodule";
				VALIDATE_PRODUCT = YES;
			};
			name = Release;
		};
		8F89B72C1DABD33000025441 /* Debug */ = {
			isa = XCBuildConfiguration;
			buildSettings = {
				ASSETCATALOG_COMPILER_APPICON_NAME = AppIcon;
				DEVELOPMENT_TEAM = 8UDWX3Z26Y;
				INFOPLIST_FILE = SwipeTest/Info.plist;
				IPHONEOS_DEPLOYMENT_TARGET = 9.3;
				LD_RUNPATH_SEARCH_PATHS = "$(inherited) @executable_path/Frameworks";
				PRODUCT_BUNDLE_IDENTIFIER = com.roko.SwipeTest;
				PRODUCT_NAME = "$(TARGET_NAME)";
				SWIFT_VERSION = 3.0;
			};
			name = Debug;
		};
		8F89B72D1DABD33000025441 /* Release */ = {
			isa = XCBuildConfiguration;
			buildSettings = {
				ASSETCATALOG_COMPILER_APPICON_NAME = AppIcon;
				DEVELOPMENT_TEAM = 8UDWX3Z26Y;
				INFOPLIST_FILE = SwipeTest/Info.plist;
				IPHONEOS_DEPLOYMENT_TARGET = 9.3;
				LD_RUNPATH_SEARCH_PATHS = "$(inherited) @executable_path/Frameworks";
				PRODUCT_BUNDLE_IDENTIFIER = com.roko.SwipeTest;
				PRODUCT_NAME = "$(TARGET_NAME)";
				SWIFT_VERSION = 3.0;
			};
			name = Release;
		};
/* End XCBuildConfiguration section */

/* Begin XCConfigurationList section */
		8F89B7121DABD33000025441 /* Build configuration list for PBXProject "SwipeTest" */ = {
			isa = XCConfigurationList;
			buildConfigurations = (
				8F89B7291DABD33000025441 /* Debug */,
				8F89B72A1DABD33000025441 /* Release */,
			);
			defaultConfigurationIsVisible = 0;
			defaultConfigurationName = Release;
		};
		8F89B72B1DABD33000025441 /* Build configuration list for PBXNativeTarget "SwipeTest" */ = {
			isa = XCConfigurationList;
			buildConfigurations = (
				8F89B72C1DABD33000025441 /* Debug */,
				8F89B72D1DABD33000025441 /* Release */,
			);
			defaultConfigurationIsVisible = 0;
			defaultConfigurationName = Release;
		};
/* End XCConfigurationList section */
	};
	rootObject = 8F89B70F1DABD33000025441 /* Project object */;
}
